
Microsoft Visual Studio Solution File, Format Version 12.00
# Visual Studio 14
VisualStudioVersion = 14.0.25420.1
MinimumVisualStudioVersion = 10.0.40219.1
Project("{FAE04EC0-301F-11D3-BF4B-00C04F79EFBC}") = "Ishan-Sharma_Lab-02_Ex_02", "Ishan-Sharma_Lab-02_Ex_02\Ishan-Sharma_Lab-02_Ex_02.csproj", "{3CDB341A-351F-4327-B230-3A169C663B6B}"
EndProject
Global
	GlobalSection(SolutionConfigurationPlatforms) = preSolution
		Debug|Any CPU = Debug|Any CPU
		Release|Any CPU = Release|Any CPU
	EndGlobalSection
	GlobalSection(ProjectConfigurationPlatforms) = postSolution
		{3CDB341A-351F-4327-B230-3A169C663B6B}.Debug|Any CPU.ActiveCfg = Debug|Any CPU
		{3CDB341A-351F-4327-B230-3A169C663B6B}.Debug|Any CPU.Build.0 = Debug|Any CPU
		{3CDB341A-351F-4327-B230-3A169C663B6B}.Release|Any CPU.ActiveCfg = Release|Any CPU
		{3CDB341A-351F-4327-B230-3A169C663B6B}.Release|Any CPU.Build.0 = Release|Any CPU
	EndGlobalSection
	GlobalSection(SolutionProperties) = preSolution
		HideSolutionNode = FALSE
	EndGlobalSection
EndGlobal
